
Microsoft Visual Studio Solution File, Format Version 12.00
# Visual Studio Version 17
VisualStudioVersion = 17.9.34616.47
MinimumVisualStudioVersion = 10.0.40219.1
Project("{FAE04EC0-301F-11D3-BF4B-00C04F79EFBC}") = "Session2Task", "Session2Task\Session2Task.csproj", "{C9482105-99E1-4BC3-B1A3-F78292DA6FD3}"
EndProject
Global
	GlobalSection(SolutionConfigurationPlatforms) = preSolution
		Debug|Any CPU = Debug|Any CPU
		Release|Any CPU = Release|Any CPU
	EndGlobalSection
	GlobalSection(ProjectConfigurationPlatforms) = postSolution
		{C9482105-99E1-4BC3-B1A3-F78292DA6FD3}.Debug|Any CPU.ActiveCfg = Debug|Any CPU
		{C9482105-99E1-4BC3-B1A3-F78292DA6FD3}.Debug|Any CPU.Build.0 = Debug|Any CPU
		{C9482105-99E1-4BC3-B1A3-F78292DA6FD3}.Release|Any CPU.ActiveCfg = Release|Any CPU
		{C9482105-99E1-4BC3-B1A3-F78292DA6FD3}.Release|Any CPU.Build.0 = Release|Any CPU
	EndGlobalSection
	GlobalSection(SolutionProperties) = preSolution
		HideSolutionNode = FALSE
	EndGlobalSection
	GlobalSection(ExtensibilityGlobals) = postSolution
		SolutionGuid = {7E7E06B9-D408-42AA-9488-EA8CAC0E5C97}
	EndGlobalSection
EndGlobal
